// !$*UTF8*$!
{
	archiveVersion = 1;
	classes = {
	};
	objectVersion = 46;
	objects = {

/* Begin PBXBuildFile section */
		BA1F38501F4DD8690066F96D /* DispatchQueue+Extension.swift in Sources */ = {isa = PBXBuildFile; fileRef = BA1F384F1F4DD8690066F96D /* DispatchQueue+Extension.swift */; };
		BAE70A0D1F4D13EF00336984 /* AppDelegate.swift in Sources */ = {isa = PBXBuildFile; fileRef = BAE70A0C1F4D13EF00336984 /* AppDelegate.swift */; };
		BAE70A0F1F4D13EF00336984 /* ViewController.swift in Sources */ = {isa = PBXBuildFile; fileRef = BAE70A0E1F4D13EF00336984 /* ViewController.swift */; };
		BAE70A121F4D13EF00336984 /* Main.storyboard in Resources */ = {isa = PBXBuildFile; fileRef = BAE70A101F4D13EF00336984 /* Main.storyboard */; };
		BAE70A141F4D13EF00336984 /* Assets.xcassets in Resources */ = {isa = PBXBuildFile; fileRef = BAE70A131F4D13EF00336984 /* Assets.xcassets */; };
		BAE70A171F4D13EF00336984 /* LaunchScreen.storyboard in Resources */ = {isa = PBXBuildFile; fileRef = BAE70A151F4D13EF00336984 /* LaunchScreen.storyboard */; };
		BAE70A1F1F4D140400336984 /* DispatchAfterCancel.swift in Sources */ = {isa = PBXBuildFile; fileRef = BAE70A1E1F4D140400336984 /* DispatchAfterCancel.swift */; };
/* End PBXBuildFile section */

/* Begin PBXFileReference section */
		BA1F384F1F4DD8690066F96D /* DispatchQueue+Extension.swift */ = {isa = PBXFileReference; fileEncoding = 4; lastKnownFileType = sourcecode.swift; path = "DispatchQueue+Extension.swift"; sourceTree = "<group>"; };
		BAE70A091F4D13EF00336984 /* CancelDispatchAfter.app */ = {isa = PBXFileReference; explicitFileType = wrapper.application; includeInIndex = 0; path = CancelDispatchAfter.app; sourceTree = BUILT_PRODUCTS_DIR; };
		BAE70A0C1F4D13EF00336984 /* AppDelegate.swift */ = {isa = PBXFileReference; lastKnownFileType = sourcecode.swift; path = AppDelegate.swift; sourceTree = "<group>"; };
		BAE70A0E1F4D13EF00336984 /* ViewController.swift */ = {isa = PBXFileReference; lastKnownFileType = sourcecode.swift; path = ViewController.swift; sourceTree = "<group>"; };
		BAE70A111F4D13EF00336984 /* Base */ = {isa = PBXFileReference; lastKnownFileType = file.storyboard; name = Base; path = Base.lproj/Main.storyboard; sourceTree = "<group>"; };
		BAE70A131F4D13EF00336984 /* Assets.xcassets */ = {isa = PBXFileReference; lastKnownFileType = folder.assetcatalog; path = Assets.xcassets; sourceTree = "<group>"; };
		BAE70A161F4D13EF00336984 /* Base */ = {isa = PBXFileReference; lastKnownFileType = file.storyboard; name = Base; path = Base.lproj/LaunchScreen.storyboard; sourceTree = "<group>"; };
		BAE70A181F4D13EF00336984 /* Info.plist */ = {isa = PBXFileReference; lastKnownFileType = text.plist.xml; path = Info.plist; sourceTree = "<group>"; };
		BAE70A1E1F4D140400336984 /* DispatchAfterCancel.swift */ = {isa = PBXFileReference; fileEncoding = 4; lastKnownFileType = sourcecode.swift; path = DispatchAfterCancel.swift; sourceTree = "<group>"; };
/* End PBXFileReference section */

/* Begin PBXFrameworksBuildPhase section */
		BAE70A061F4D13EF00336984 /* Frameworks */ = {
			isa = PBXFrameworksBuildPhase;
			buildActionMask = 2147483647;
			files = (
			);
			runOnlyForDeploymentPostprocessing = 0;
		};
/* End PBXFrameworksBuildPhase section */

/* Begin PBXGroup section */
		BAE70A001F4D13EF00336984 = {
			isa = PBXGroup;
			children = (
				BAE70A0B1F4D13EF00336984 /* CancelDispatchAfter */,
				BAE70A0A1F4D13EF00336984 /* Products */,
			);
			sourceTree = "<group>";
		};
		BAE70A0A1F4D13EF00336984 /* Products */ = {
			isa = PBXGroup;
			children = (
				BAE70A091F4D13EF00336984 /* CancelDispatchAfter.app */,
			);
			name = Products;
			sourceTree = "<group>";
		};
		BAE70A0B1F4D13EF00336984 /* CancelDispatchAfter */ = {
			isa = PBXGroup;
			children = (
				BAE70A0C1F4D13EF00336984 /* AppDelegate.swift */,
				BAE70A0E1F4D13EF00336984 /* ViewController.swift */,
				BA1F384F1F4DD8690066F96D /* DispatchQueue+Extension.swift */,
				BAE70A1E1F4D140400336984 /* DispatchAfterCancel.swift */,
				BAE70A101F4D13EF00336984 /* Main.storyboard */,
				BAE70A131F4D13EF00336984 /* Assets.xcassets */,
				BAE70A151F4D13EF00336984 /* LaunchScreen.storyboard */,
				BAE70A181F4D13EF00336984 /* Info.plist */,
			);
			path = CancelDispatchAfter;
			sourceTree = "<group>";
		};
/* End PBXGroup section */

/* Begin PBXNativeTarget section */
		BAE70A081F4D13EF00336984 /* CancelDispatchAfter */ = {
			isa = PBXNativeTarget;
			buildConfigurationList = BAE70A1B1F4D13EF00336984 /* Build configuration list for PBXNativeTarget "CancelDispatchAfter" */;
			buildPhases = (
				BAE70A051F4D13EF00336984 /* Sources */,
				BAE70A061F4D13EF00336984 /* Frameworks */,
				BAE70A071F4D13EF00336984 /* Resources */,
			);
			buildRules = (
			);
			dependencies = (
			);
			name = CancelDispatchAfter;
			productName = CancelDispatchAfter;
			productReference = BAE70A091F4D13EF00336984 /* CancelDispatchAfter.app */;
			productType = "com.apple.product-type.application";
		};
/* End PBXNativeTarget section */

/* Begin PBXProject section */
		BAE70A011F4D13EF00336984 /* Project object */ = {
			isa = PBXProject;
			attributes = {
				LastSwiftUpdateCheck = 0830;
				LastUpgradeCheck = 0830;
				ORGANIZATIONNAME = "Pyrogusto Inc";
				TargetAttributes = {
					BAE70A081F4D13EF00336984 = {
						CreatedOnToolsVersion = 8.3.2;
						DevelopmentTeam = J58LPDNEUG;
						ProvisioningStyle = Automatic;
					};
				};
			};
			buildConfigurationList = BAE70A041F4D13EF00336984 /* Build configuration list for PBXProject "CancelDispatchAfter" */;
			compatibilityVersion = "Xcode 3.2";
			developmentRegion = English;
			hasScannedForEncodings = 0;
			knownRegions = (
				en,
				Base,
			);
			mainGroup = BAE70A001F4D13EF00336984;
			productRefGroup = BAE70A0A1F4D13EF00336984 /* Products */;
			projectDirPath = "";
			projectRoot = "";
			targets = (
				BAE70A081F4D13EF00336984 /* CancelDispatchAfter */,
			);
		};
/* End PBXProject section */

/* Begin PBXResourcesBuildPhase section */
		BAE70A071F4D13EF00336984 /* Resources */ = {
			isa = PBXResourcesBuildPhase;
			buildActionMask = 2147483647;
			files = (
				BAE70A171F4D13EF00336984 /* LaunchScreen.storyboard in Resources */,
				BAE70A141F4D13EF00336984 /* Assets.xcassets in Resources */,
				BAE70A121F4D13EF00336984 /* Main.storyboard in Resources */,
			);
			runOnlyForDeploymentPostprocessing = 0;
		};
/* End PBXResourcesBuildPhase section */

/* Begin PBXSourcesBuildPhase section */
		BAE70A051F4D13EF00336984 /* Sources */ = {
			isa = PBXSourcesBuildPhase;
			buildActionMask = 2147483647;
			files = (
				BAE70A1F1F4D140400336984 /* DispatchAfterCancel.swift in Sources */,
				BA1F38501F4DD8690066F96D /* DispatchQueue+Extension.swift in Sources */,
				BAE70A0F1F4D13EF00336984 /* ViewController.swift in Sources */,
				BAE70A0D1F4D13EF00336984 /* AppDelegate.swift in Sources */,
			);
			runOnlyForDeploymentPostprocessing = 0;
		};
/* End PBXSourcesBuildPhase section */

/* Begin PBXVariantGroup section */
		BAE70A101F4D13EF00336984 /* Main.storyboard */ = {
			isa = PBXVariantGroup;
			children = (
				BAE70A111F4D13EF00336984 /* Base */,
			);
			name = Main.storyboard;
			sourceTree = "<group>";
		};
		BAE70A151F4D13EF00336984 /* LaunchScreen.storyboard */ = {
			isa = PBXVariantGroup;
			children = (
				BAE70A161F4D13EF00336984 /* Base */,
			);
			name = LaunchScreen.storyboard;
			sourceTree = "<group>";
		};
/* End PBXVariantGroup section */

/* Begin XCBuildConfiguration section */
		BAE70A191F4D13EF00336984 /* Debug */ = {
			isa = XCBuildConfiguration;
			buildSettings = {
				ALWAYS_SEARCH_USER_PATHS = NO;
				CLANG_ANALYZER_NONNULL = YES;
				CLANG_ANALYZER_NUMBER_OBJECT_CONVERSION = YES_AGGRESSIVE;
				CLANG_CXX_LANGUAGE_STANDARD = "gnu++0x";
				CLANG_CXX_LIBRARY = "libc++";
				CLANG_ENABLE_MODULES = YES;
				CLANG_ENABLE_OBJC_ARC = YES;
				CLANG_WARN_BOOL_CONVERSION = YES;
				CLANG_WARN_CONSTANT_CONVERSION = YES;
				CLANG_WARN_DIRECT_OBJC_ISA_USAGE = YES_ERROR;
				CLANG_WARN_DOCUMENTATION_COMMENTS = YES;
				CLANG_WARN_EMPTY_BODY = YES;
				CLANG_WARN_ENUM_CONVERSION = YES;
				CLANG_WARN_INFINITE_RECURSION = YES;
				CLANG_WARN_INT_CONVERSION = YES;
				CLANG_WARN_OBJC_ROOT_CLASS = YES_ERROR;
				CLANG_WARN_SUSPICIOUS_MOVE = YES;
				CLANG_WARN_UNREACHABLE_CODE = YES;
				CLANG_WARN__DUPLICATE_METHOD_MATCH = YES;
				"CODE_SIGN_IDENTITY[sdk=iphoneos*]" = "iPhone Developer";
				COPY_PHASE_STRIP = NO;
				DEBUG_INFORMATION_FORMAT = dwarf;
				ENABLE_STRICT_OBJC_MSGSEND = YES;
				ENABLE_TESTABILITY = YES;
				GCC_C_LANGUAGE_STANDARD = gnu99;
				GCC_DYNAMIC_NO_PIC = NO;
				GCC_NO_COMMON_BLOCKS = YES;
				GCC_OPTIMIZATION_LEVEL = 0;
				GCC_PREPROCESSOR_DEFINITIONS = (
					"DEBUG=1",
					"$(inherited)",
				);
				GCC_WARN_64_TO_32_BIT_CONVERSION = YES;
				GCC_WARN_ABOUT_RETURN_TYPE = YES_ERROR;
				GCC_WARN_UNDECLARED_SELECTOR = YES;
				GCC_WARN_UNINITIALIZED_AUTOS = YES_AGGRESSIVE;
				GCC_WARN_UNUSED_FUNCTION = YES;
				GCC_WARN_UNUSED_VARIABLE = YES;
				IPHONEOS_DEPLOYMENT_TARGET = 10.3;
				MTL_ENABLE_DEBUG_INFO = YES;
				ONLY_ACTIVE_ARCH = YES;
				SDKROOT = iphoneos;
				SWIFT_ACTIVE_COMPILATION_CONDITIONS = DEBUG;
				SWIFT_OPTIMIZATION_LEVEL = "-Onone";
			};
			name = Debug;
		};
		BAE70A1A1F4D13EF00336984 /* Release */ = {
			isa = XCBuildConfiguration;
			buildSettings = {
				ALWAYS_SEARCH_USER_PATHS = NO;
				CLANG_ANALYZER_NONNULL = YES;
				CLANG_ANALYZER_NUMBER_OBJECT_CONVERSION = YES_AGGRESSIVE;
				CLANG_CXX_LANGUAGE_STANDARD = "gnu++0x";
				CLANG_CXX_LIBRARY = "libc++";
				CLANG_ENABLE_MODULES = YES;
				CLANG_ENABLE_OBJC_ARC = YES;
				CLANG_WARN_BOOL_CONVERSION = YES;
				CLANG_WARN_CONSTANT_CONVERSION = YES;
				CLANG_WARN_DIRECT_OBJC_ISA_USAGE = YES_ERROR;
				CLANG_WARN_DOCUMENTATION_COMMENTS = YES;
				CLANG_WARN_EMPTY_BODY = YES;
				CLANG_WARN_ENUM_CONVERSION = YES;
				CLANG_WARN_INFINITE_RECURSION = YES;
				CLANG_WARN_INT_CONVERSION = YES;
				CLANG_WARN_OBJC_ROOT_CLASS = YES_ERROR;
				CLANG_WARN_SUSPICIOUS_MOVE = YES;
				CLANG_WARN_UNREACHABLE_CODE = YES;
				CLANG_WARN__DUPLICATE_METHOD_MATCH = YES;
				"CODE_SIGN_IDENTITY[sdk=iphoneos*]" = "iPhone Developer";
				COPY_PHASE_STRIP = NO;
				DEBUG_INFORMATION_FORMAT = "dwarf-with-dsym";
				ENABLE_NS_ASSERTIONS = NO;
				ENABLE_STRICT_OBJC_MSGSEND = YES;
				GCC_C_LANGUAGE_STANDARD = gnu99;
				GCC_NO_COMMON_BLOCKS = YES;
				GCC_WARN_64_TO_32_BIT_CONVERSION = YES;
				GCC_WARN_ABOUT_RETURN_TYPE = YES_ERROR;
				GCC_WARN_UNDECLARED_SELECTOR = YES;
				GCC_WARN_UNINITIALIZED_AUTOS = YES_AGGRESSIVE;
				GCC_WARN_UNUSED_FUNCTION = YES;
				GCC_WARN_UNUSED_VARIABLE = YES;
				IPHONEOS_DEPLOYMENT_TARGET = 10.3;
				MTL_ENABLE_DEBUG_INFO = NO;
				SDKROOT = iphoneos;
				SWIFT_OPTIMIZATION_LEVEL = "-Owholemodule";
				VALIDATE_PRODUCT = YES;
			};
			name = Release;
		};
		BAE70A1C1F4D13EF00336984 /* Debug */ = {
			isa = XCBuildConfiguration;
			buildSettings = {
				ASSETCATALOG_COMPILER_APPICON_NAME = AppIcon;
				DEVELOPMENT_TEAM = J58LPDNEUG;
				INFOPLIST_FILE = CancelDispatchAfter/Info.plist;
				LD_RUNPATH_SEARCH_PATHS = "$(inherited) @executable_path/Frameworks";
				PRODUCT_BUNDLE_IDENTIFIER = com.pyrogusto.CancelDispatchAfter;
				PRODUCT_NAME = "$(TARGET_NAME)";
				SWIFT_VERSION = 3.0;
			};
			name = Debug;
		};
		BAE70A1D1F4D13EF00336984 /* Release */ = {
			isa = XCBuildConfiguration;
			buildSettings = {
				ASSETCATALOG_COMPILER_APPICON_NAME = AppIcon;
				DEVELOPMENT_TEAM = J58LPDNEUG;
				INFOPLIST_FILE = CancelDispatchAfter/Info.plist;
				LD_RUNPATH_SEARCH_PATHS = "$(inherited) @executable_path/Frameworks";
				PRODUCT_BUNDLE_IDENTIFIER = com.pyrogusto.CancelDispatchAfter;
				PRODUCT_NAME = "$(TARGET_NAME)";
				SWIFT_VERSION = 3.0;
			};
			name = Release;
		};
/* End XCBuildConfiguration section */

/* Begin XCConfigurationList section */
		BAE70A041F4D13EF00336984 /* Build configuration list for PBXProject "CancelDispatchAfter" */ = {
			isa = XCConfigurationList;
			buildConfigurations = (
				BAE70A191F4D13EF00336984 /* Debug */,
				BAE70A1A1F4D13EF00336984 /* Release */,
			);
			defaultConfigurationIsVisible = 0;
			defaultConfigurationName = Release;
		};
		BAE70A1B1F4D13EF00336984 /* Build configuration list for PBXNativeTarget "CancelDispatchAfter" */ = {
			isa = XCConfigurationList;
			buildConfigurations = (
				BAE70A1C1F4D13EF00336984 /* Debug */,
				BAE70A1D1F4D13EF00336984 /* Release */,
			);
			defaultConfigurationIsVisible = 0;
			defaultConfigurationName = Release;
		};
/* End XCConfigurationList section */
	};
	rootObject = BAE70A011F4D13EF00336984 /* Project object */;
}
